
Microsoft Visual Studio Solution File, Format Version 11.00
# Visual Studio 2010
Project("{FAE04EC0-301F-11D3-BF4B-00C04F79EFBC}") = "Assembly-CSharp", "Assembly-CSharp.csproj", "{2B5B8E6E-21A5-7BC6-CE7B-006DD3C34D23}"
EndProject
Project("{FAE04EC0-301F-11D3-BF4B-00C04F79EFBC}") = "Assembly-CSharp-firstpass", "Assembly-CSharp-firstpass.csproj", "{E9C13ECD-0B21-DE0A-96EF-9CF742BDE48C}"
EndProject
Project("{FAE04EC0-301F-11D3-BF4B-00C04F79EFBC}") = "Assembly-CSharp-Editor-firstpass", "Assembly-CSharp-Editor-firstpass.csproj", "{0AB414EE-DCDF-9996-B2AD-88BB2F874497}"
EndProject
Global
	GlobalSection(SolutionConfigurationPlatforms) = preSolution
		Debug|Any CPU = Debug|Any CPU
		Release|Any CPU = Release|Any CPU
	EndGlobalSection
	GlobalSection(ProjectConfigurationPlatforms) = postSolution
		{2B5B8E6E-21A5-7BC6-CE7B-006DD3C34D23}.Debug|Any CPU.ActiveCfg = Debug|Any CPU
		{2B5B8E6E-21A5-7BC6-CE7B-006DD3C34D23}.Debug|Any CPU.Build.0 = Debug|Any CPU
		{2B5B8E6E-21A5-7BC6-CE7B-006DD3C34D23}.Release|Any CPU.ActiveCfg = Release|Any CPU
		{2B5B8E6E-21A5-7BC6-CE7B-006DD3C34D23}.Release|Any CPU.Build.0 = Release|Any CPU
		{E9C13ECD-0B21-DE0A-96EF-9CF742BDE48C}.Debug|Any CPU.ActiveCfg = Debug|Any CPU
		{E9C13ECD-0B21-DE0A-96EF-9CF742BDE48C}.Debug|Any CPU.Build.0 = Debug|Any CPU
		{E9C13ECD-0B21-DE0A-96EF-9CF742BDE48C}.Release|Any CPU.ActiveCfg = Release|Any CPU
		{E9C13ECD-0B21-DE0A-96EF-9CF742BDE48C}.Release|Any CPU.Build.0 = Release|Any CPU
		{0AB414EE-DCDF-9996-B2AD-88BB2F874497}.Debug|Any CPU.ActiveCfg = Debug|Any CPU
		{0AB414EE-DCDF-9996-B2AD-88BB2F874497}.Debug|Any CPU.Build.0 = Debug|Any CPU
		{0AB414EE-DCDF-9996-B2AD-88BB2F874497}.Release|Any CPU.ActiveCfg = Release|Any CPU
		{0AB414EE-DCDF-9996-B2AD-88BB2F874497}.Release|Any CPU.Build.0 = Release|Any CPU
	EndGlobalSection
	GlobalSection(SolutionProperties) = preSolution
		HideSolutionNode = FALSE
	EndGlobalSection
EndGlobal
